// !$*UTF8*$!
{
	archiveVersion = 1;
	classes = {
	};
	objectVersion = 56;
	objects = {

/* Begin PBXBuildFile section */
		BD56864A2C4F6C4F009E7993 /* AppDelegate.swift in Sources */ = {isa = PBXBuildFile; fileRef = BD5686492C4F6C4F009E7993 /* AppDelegate.swift */; };
		BD56864C2C4F6C4F009E7993 /* SceneDelegate.swift in Sources */ = {isa = PBXBuildFile; fileRef = BD56864B2C4F6C4F009E7993 /* SceneDelegate.swift */; };
		BD56864E2C4F6C4F009E7993 /* ViewController.swift in Sources */ = {isa = PBXBuildFile; fileRef = BD56864D2C4F6C4F009E7993 /* ViewController.swift */; };
		BD5686512C4F6C4F009E7993 /* Base in Resources */ = {isa = PBXBuildFile; fileRef = BD5686502C4F6C4F009E7993 /* Base */; };
		BD5686532C4F6C51009E7993 /* Assets.xcassets in Resources */ = {isa = PBXBuildFile; fileRef = BD5686522C4F6C51009E7993 /* Assets.xcassets */; };
		BD5686562C4F6C51009E7993 /* Base in Resources */ = {isa = PBXBuildFile; fileRef = BD5686552C4F6C51009E7993 /* Base */; };
		BD5686612C4F6C52009E7993 /* MusicAPITests.swift in Sources */ = {isa = PBXBuildFile; fileRef = BD5686602C4F6C52009E7993 /* MusicAPITests.swift */; };
		BD56866B2C4F6C52009E7993 /* MusicAPIUITests.swift in Sources */ = {isa = PBXBuildFile; fileRef = BD56866A2C4F6C52009E7993 /* MusicAPIUITests.swift */; };
		BD56866D2C4F6C52009E7993 /* MusicAPIUITestsLaunchTests.swift in Sources */ = {isa = PBXBuildFile; fileRef = BD56866C2C4F6C52009E7993 /* MusicAPIUITestsLaunchTests.swift */; };
/* End PBXBuildFile section */

/* Begin PBXContainerItemProxy section */
		BD56865D2C4F6C52009E7993 /* PBXContainerItemProxy */ = {
			isa = PBXContainerItemProxy;
			containerPortal = BD56863E2C4F6C4F009E7993 /* Project object */;
			proxyType = 1;
			remoteGlobalIDString = BD5686452C4F6C4F009E7993;
			remoteInfo = MusicAPI;
		};
		BD5686672C4F6C52009E7993 /* PBXContainerItemProxy */ = {
			isa = PBXContainerItemProxy;
			containerPortal = BD56863E2C4F6C4F009E7993 /* Project object */;
			proxyType = 1;
			remoteGlobalIDString = BD5686452C4F6C4F009E7993;
			remoteInfo = MusicAPI;
		};
/* End PBXContainerItemProxy section */

/* Begin PBXFileReference section */
		BD5686462C4F6C4F009E7993 /* MusicAPI.app */ = {isa = PBXFileReference; explicitFileType = wrapper.application; includeInIndex = 0; path = MusicAPI.app; sourceTree = BUILT_PRODUCTS_DIR; };
		BD5686492C4F6C4F009E7993 /* AppDelegate.swift */ = {isa = PBXFileReference; lastKnownFileType = sourcecode.swift; path = AppDelegate.swift; sourceTree = "<group>"; };
		BD56864B2C4F6C4F009E7993 /* SceneDelegate.swift */ = {isa = PBXFileReference; lastKnownFileType = sourcecode.swift; path = SceneDelegate.swift; sourceTree = "<group>"; };
		BD56864D2C4F6C4F009E7993 /* ViewController.swift */ = {isa = PBXFileReference; lastKnownFileType = sourcecode.swift; path = ViewController.swift; sourceTree = "<group>"; };
		BD5686502C4F6C4F009E7993 /* Base */ = {isa = PBXFileReference; lastKnownFileType = file.storyboard; name = Base; path = Base.lproj/Main.storyboard; sourceTree = "<group>"; };
		BD5686522C4F6C51009E7993 /* Assets.xcassets */ = {isa = PBXFileReference; lastKnownFileType = folder.assetcatalog; path = Assets.xcassets; sourceTree = "<group>"; };
		BD5686552C4F6C51009E7993 /* Base */ = {isa = PBXFileReference; lastKnownFileType = file.storyboard; name = Base; path = Base.lproj/LaunchScreen.storyboard; sourceTree = "<group>"; };
		BD5686572C4F6C51009E7993 /* Info.plist */ = {isa = PBXFileReference; lastKnownFileType = text.plist.xml; path = Info.plist; sourceTree = "<group>"; };
		BD56865C2C4F6C52009E7993 /* MusicAPITests.xctest */ = {isa = PBXFileReference; explicitFileType = wrapper.cfbundle; includeInIndex = 0; path = MusicAPITests.xctest; sourceTree = BUILT_PRODUCTS_DIR; };
		BD5686602C4F6C52009E7993 /* MusicAPITests.swift */ = {isa = PBXFileReference; lastKnownFileType = sourcecode.swift; path = MusicAPITests.swift; sourceTree = "<group>"; };
		BD5686662C4F6C52009E7993 /* MusicAPIUITests.xctest */ = {isa = PBXFileReference; explicitFileType = wrapper.cfbundle; includeInIndex = 0; path = MusicAPIUITests.xctest; sourceTree = BUILT_PRODUCTS_DIR; };
		BD56866A2C4F6C52009E7993 /* MusicAPIUITests.swift */ = {isa = PBXFileReference; lastKnownFileType = sourcecode.swift; path = MusicAPIUITests.swift; sourceTree = "<group>"; };
		BD56866C2C4F6C52009E7993 /* MusicAPIUITestsLaunchTests.swift */ = {isa = PBXFileReference; lastKnownFileType = sourcecode.swift; path = MusicAPIUITestsLaunchTests.swift; sourceTree = "<group>"; };
/* End PBXFileReference section */

/* Begin PBXFrameworksBuildPhase section */
		BD5686432C4F6C4F009E7993 /* Frameworks */ = {
			isa = PBXFrameworksBuildPhase;
			buildActionMask = 2147483647;
			files = (
			);
			runOnlyForDeploymentPostprocessing = 0;
		};
		BD5686592C4F6C52009E7993 /* Frameworks */ = {
			isa = PBXFrameworksBuildPhase;
			buildActionMask = 2147483647;
			files = (
			);
			runOnlyForDeploymentPostprocessing = 0;
		};
		BD5686632C4F6C52009E7993 /* Frameworks */ = {
			isa = PBXFrameworksBuildPhase;
			buildActionMask = 2147483647;
			files = (
			);
			runOnlyForDeploymentPostprocessing = 0;
		};
/* End PBXFrameworksBuildPhase section */

/* Begin PBXGroup section */
		BD56863D2C4F6C4F009E7993 = {
			isa = PBXGroup;
			children = (
				BD5686482C4F6C4F009E7993 /* MusicAPI */,
				BD56865F2C4F6C52009E7993 /* MusicAPITests */,
				BD5686692C4F6C52009E7993 /* MusicAPIUITests */,
				BD5686472C4F6C4F009E7993 /* Products */,
			);
			sourceTree = "<group>";
		};
		BD5686472C4F6C4F009E7993 /* Products */ = {
			isa = PBXGroup;
			children = (
				BD5686462C4F6C4F009E7993 /* MusicAPI.app */,
				BD56865C2C4F6C52009E7993 /* MusicAPITests.xctest */,
				BD5686662C4F6C52009E7993 /* MusicAPIUITests.xctest */,
			);
			name = Products;
			sourceTree = "<group>";
		};
		BD5686482C4F6C4F009E7993 /* MusicAPI */ = {
			isa = PBXGroup;
			children = (
				BD5686492C4F6C4F009E7993 /* AppDelegate.swift */,
				BD56864B2C4F6C4F009E7993 /* SceneDelegate.swift */,
				BD56864D2C4F6C4F009E7993 /* ViewController.swift */,
				BD56864F2C4F6C4F009E7993 /* Main.storyboard */,
				BD5686522C4F6C51009E7993 /* Assets.xcassets */,
				BD5686542C4F6C51009E7993 /* LaunchScreen.storyboard */,
				BD5686572C4F6C51009E7993 /* Info.plist */,
			);
			path = MusicAPI;
			sourceTree = "<group>";
		};
		BD56865F2C4F6C52009E7993 /* MusicAPITests */ = {
			isa = PBXGroup;
			children = (
				BD5686602C4F6C52009E7993 /* MusicAPITests.swift */,
			);
			path = MusicAPITests;
			sourceTree = "<group>";
		};
		BD5686692C4F6C52009E7993 /* MusicAPIUITests */ = {
			isa = PBXGroup;
			children = (
				BD56866A2C4F6C52009E7993 /* MusicAPIUITests.swift */,
				BD56866C2C4F6C52009E7993 /* MusicAPIUITestsLaunchTests.swift */,
			);
			path = MusicAPIUITests;
			sourceTree = "<group>";
		};
/* End PBXGroup section */

/* Begin PBXNativeTarget section */
		BD5686452C4F6C4F009E7993 /* MusicAPI */ = {
			isa = PBXNativeTarget;
			buildConfigurationList = BD5686702C4F6C52009E7993 /* Build configuration list for PBXNativeTarget "MusicAPI" */;
			buildPhases = (
				BD5686422C4F6C4F009E7993 /* Sources */,
				BD5686432C4F6C4F009E7993 /* Frameworks */,
				BD5686442C4F6C4F009E7993 /* Resources */,
			);
			buildRules = (
			);
			dependencies = (
			);
			name = MusicAPI;
			productName = MusicAPI;
			productReference = BD5686462C4F6C4F009E7993 /* MusicAPI.app */;
			productType = "com.apple.product-type.application";
		};
		BD56865B2C4F6C52009E7993 /* MusicAPITests */ = {
			isa = PBXNativeTarget;
			buildConfigurationList = BD5686732C4F6C52009E7993 /* Build configuration list for PBXNativeTarget "MusicAPITests" */;
			buildPhases = (
				BD5686582C4F6C52009E7993 /* Sources */,
				BD5686592C4F6C52009E7993 /* Frameworks */,
				BD56865A2C4F6C52009E7993 /* Resources */,
			);
			buildRules = (
			);
			dependencies = (
				BD56865E2C4F6C52009E7993 /* PBXTargetDependency */,
			);
			name = MusicAPITests;
			productName = MusicAPITests;
			productReference = BD56865C2C4F6C52009E7993 /* MusicAPITests.xctest */;
			productType = "com.apple.product-type.bundle.unit-test";
		};
		BD5686652C4F6C52009E7993 /* MusicAPIUITests */ = {
			isa = PBXNativeTarget;
			buildConfigurationList = BD5686762C4F6C52009E7993 /* Build configuration list for PBXNativeTarget "MusicAPIUITests" */;
			buildPhases = (
				BD5686622C4F6C52009E7993 /* Sources */,
				BD5686632C4F6C52009E7993 /* Frameworks */,
				BD5686642C4F6C52009E7993 /* Resources */,
			);
			buildRules = (
			);
			dependencies = (
				BD5686682C4F6C52009E7993 /* PBXTargetDependency */,
			);
			name = MusicAPIUITests;
			productName = MusicAPIUITests;
			productReference = BD5686662C4F6C52009E7993 /* MusicAPIUITests.xctest */;
			productType = "com.apple.product-type.bundle.ui-testing";
		};
/* End PBXNativeTarget section */

/* Begin PBXProject section */
		BD56863E2C4F6C4F009E7993 /* Project object */ = {
			isa = PBXProject;
			attributes = {
				BuildIndependentTargetsInParallel = 1;
				LastSwiftUpdateCheck = 1540;
				LastUpgradeCheck = 1540;
				TargetAttributes = {
					BD5686452C4F6C4F009E7993 = {
						CreatedOnToolsVersion = 15.4;
					};
					BD56865B2C4F6C52009E7993 = {
						CreatedOnToolsVersion = 15.4;
						TestTargetID = BD5686452C4F6C4F009E7993;
					};
					BD5686652C4F6C52009E7993 = {
						CreatedOnToolsVersion = 15.4;
						TestTargetID = BD5686452C4F6C4F009E7993;
					};
				};
			};
			buildConfigurationList = BD5686412C4F6C4F009E7993 /* Build configuration list for PBXProject "MusicAPI" */;
			compatibilityVersion = "Xcode 14.0";
			developmentRegion = en;
			hasScannedForEncodings = 0;
			knownRegions = (
				en,
				Base,
			);
			mainGroup = BD56863D2C4F6C4F009E7993;
			productRefGroup = BD5686472C4F6C4F009E7993 /* Products */;
			projectDirPath = "";
			projectRoot = "";
			targets = (
				BD5686452C4F6C4F009E7993 /* MusicAPI */,
				BD56865B2C4F6C52009E7993 /* MusicAPITests */,
				BD5686652C4F6C52009E7993 /* MusicAPIUITests */,
			);
		};
/* End PBXProject section */

/* Begin PBXResourcesBuildPhase section */
		BD5686442C4F6C4F009E7993 /* Resources */ = {
			isa = PBXResourcesBuildPhase;
			buildActionMask = 2147483647;
			files = (
				BD5686532C4F6C51009E7993 /* Assets.xcassets in Resources */,
				BD5686562C4F6C51009E7993 /* Base in Resources */,
				BD5686512C4F6C4F009E7993 /* Base in Resources */,
			);
			runOnlyForDeploymentPostprocessing = 0;
		};
		BD56865A2C4F6C52009E7993 /* Resources */ = {
			isa = PBXResourcesBuildPhase;
			buildActionMask = 2147483647;
			files = (
			);
			runOnlyForDeploymentPostprocessing = 0;
		};
		BD5686642C4F6C52009E7993 /* Resources */ = {
			isa = PBXResourcesBuildPhase;
			buildActionMask = 2147483647;
			files = (
			);
			runOnlyForDeploymentPostprocessing = 0;
		};
/* End PBXResourcesBuildPhase section */

/* Begin PBXSourcesBuildPhase section */
		BD5686422C4F6C4F009E7993 /* Sources */ = {
			isa = PBXSourcesBuildPhase;
			buildActionMask = 2147483647;
			files = (
				BD56864E2C4F6C4F009E7993 /* ViewController.swift in Sources */,
				BD56864A2C4F6C4F009E7993 /* AppDelegate.swift in Sources */,
				BD56864C2C4F6C4F009E7993 /* SceneDelegate.swift in Sources */,
			);
			runOnlyForDeploymentPostprocessing = 0;
		};
		BD5686582C4F6C52009E7993 /* Sources */ = {
			isa = PBXSourcesBuildPhase;
			buildActionMask = 2147483647;
			files = (
				BD5686612C4F6C52009E7993 /* MusicAPITests.swift in Sources */,
			);
			runOnlyForDeploymentPostprocessing = 0;
		};
		BD5686622C4F6C52009E7993 /* Sources */ = {
			isa = PBXSourcesBuildPhase;
			buildActionMask = 2147483647;
			files = (
				BD56866D2C4F6C52009E7993 /* MusicAPIUITestsLaunchTests.swift in Sources */,
				BD56866B2C4F6C52009E7993 /* MusicAPIUITests.swift in Sources */,
			);
			runOnlyForDeploymentPostprocessing = 0;
		};
/* End PBXSourcesBuildPhase section */

/* Begin PBXTargetDependency section */
		BD56865E2C4F6C52009E7993 /* PBXTargetDependency */ = {
			isa = PBXTargetDependency;
			target = BD5686452C4F6C4F009E7993 /* MusicAPI */;
			targetProxy = BD56865D2C4F6C52009E7993 /* PBXContainerItemProxy */;
		};
		BD5686682C4F6C52009E7993 /* PBXTargetDependency */ = {
			isa = PBXTargetDependency;
			target = BD5686452C4F6C4F009E7993 /* MusicAPI */;
			targetProxy = BD5686672C4F6C52009E7993 /* PBXContainerItemProxy */;
		};
/* End PBXTargetDependency section */

/* Begin PBXVariantGroup section */
		BD56864F2C4F6C4F009E7993 /* Main.storyboard */ = {
			isa = PBXVariantGroup;
			children = (
				BD5686502C4F6C4F009E7993 /* Base */,
			);
			name = Main.storyboard;
			sourceTree = "<group>";
		};
		BD5686542C4F6C51009E7993 /* LaunchScreen.storyboard */ = {
			isa = PBXVariantGroup;
			children = (
				BD5686552C4F6C51009E7993 /* Base */,
			);
			name = LaunchScreen.storyboard;
			sourceTree = "<group>";
		};
/* End PBXVariantGroup section */

/* Begin XCBuildConfiguration section */
		BD56866E2C4F6C52009E7993 /* Debug */ = {
			isa = XCBuildConfiguration;
			buildSettings = {
				ALWAYS_SEARCH_USER_PATHS = NO;
				ASSETCATALOG_COMPILER_GENERATE_SWIFT_ASSET_SYMBOL_EXTENSIONS = YES;
				CLANG_ANALYZER_NONNULL = YES;
				CLANG_ANALYZER_NUMBER_OBJECT_CONVERSION = YES_AGGRESSIVE;
				CLANG_CXX_LANGUAGE_STANDARD = "gnu++20";
				CLANG_ENABLE_MODULES = YES;
				CLANG_ENABLE_OBJC_ARC = YES;
				CLANG_ENABLE_OBJC_WEAK = YES;
				CLANG_WARN_BLOCK_CAPTURE_AUTORELEASING = YES;
				CLANG_WARN_BOOL_CONVERSION = YES;
				CLANG_WARN_COMMA = YES;
				CLANG_WARN_CONSTANT_CONVERSION = YES;
				CLANG_WARN_DEPRECATED_OBJC_IMPLEMENTATIONS = YES;
				CLANG_WARN_DIRECT_OBJC_ISA_USAGE = YES_ERROR;
				CLANG_WARN_DOCUMENTATION_COMMENTS = YES;
				CLANG_WARN_EMPTY_BODY = YES;
				CLANG_WARN_ENUM_CONVERSION = YES;
				CLANG_WARN_INFINITE_RECURSION = YES;
				CLANG_WARN_INT_CONVERSION = YES;
				CLANG_WARN_NON_LITERAL_NULL_CONVERSION = YES;
				CLANG_WARN_OBJC_IMPLICIT_RETAIN_SELF = YES;
				CLANG_WARN_OBJC_LITERAL_CONVERSION = YES;
				CLANG_WARN_OBJC_ROOT_CLASS = YES_ERROR;
				CLANG_WARN_QUOTED_INCLUDE_IN_FRAMEWORK_HEADER = YES;
				CLANG_WARN_RANGE_LOOP_ANALYSIS = YES;
				CLANG_WARN_STRICT_PROTOTYPES = YES;
				CLANG_WARN_SUSPICIOUS_MOVE = YES;
				CLANG_WARN_UNGUARDED_AVAILABILITY = YES_AGGRESSIVE;
				CLANG_WARN_UNREACHABLE_CODE = YES;
				CLANG_WARN__DUPLICATE_METHOD_MATCH = YES;
				COPY_PHASE_STRIP = NO;
				DEBUG_INFORMATION_FORMAT = dwarf;
				ENABLE_STRICT_OBJC_MSGSEND = YES;
				ENABLE_TESTABILITY = YES;
				ENABLE_USER_SCRIPT_SANDBOXING = YES;
				GCC_C_LANGUAGE_STANDARD = gnu17;
				GCC_DYNAMIC_NO_PIC = NO;
				GCC_NO_COMMON_BLOCKS = YES;
				GCC_OPTIMIZATION_LEVEL = 0;
				GCC_PREPROCESSOR_DEFINITIONS = (
					"DEBUG=1",
					"$(inherited)",
				);
				GCC_WARN_64_TO_32_BIT_CONVERSION = YES;
				GCC_WARN_ABOUT_RETURN_TYPE = YES_ERROR;
				GCC_WARN_UNDECLARED_SELECTOR = YES;
				GCC_WARN_UNINITIALIZED_AUTOS = YES_AGGRESSIVE;
				GCC_WARN_UNUSED_FUNCTION = YES;
				GCC_WARN_UNUSED_VARIABLE = YES;
				IPHONEOS_DEPLOYMENT_TARGET = 17.5;
				LOCALIZATION_PREFERS_STRING_CATALOGS = YES;
				MTL_ENABLE_DEBUG_INFO = INCLUDE_SOURCE;
				MTL_FAST_MATH = YES;
				ONLY_ACTIVE_ARCH = YES;
				SDKROOT = iphoneos;
				SWIFT_ACTIVE_COMPILATION_CONDITIONS = "DEBUG $(inherited)";
				SWIFT_OPTIMIZATION_LEVEL = "-Onone";
			};
			name = Debug;
		};
		BD56866F2C4F6C52009E7993 /* Release */ = {
			isa = XCBuildConfiguration;
			buildSettings = {
				ALWAYS_SEARCH_USER_PATHS = NO;
				ASSETCATALOG_COMPILER_GENERATE_SWIFT_ASSET_SYMBOL_EXTENSIONS = YES;
				CLANG_ANALYZER_NONNULL = YES;
				CLANG_ANALYZER_NUMBER_OBJECT_CONVERSION = YES_AGGRESSIVE;
				CLANG_CXX_LANGUAGE_STANDARD = "gnu++20";
				CLANG_ENABLE_MODULES = YES;
				CLANG_ENABLE_OBJC_ARC = YES;
				CLANG_ENABLE_OBJC_WEAK = YES;
				CLANG_WARN_BLOCK_CAPTURE_AUTORELEASING = YES;
				CLANG_WARN_BOOL_CONVERSION = YES;
				CLANG_WARN_COMMA = YES;
				CLANG_WARN_CONSTANT_CONVERSION = YES;
				CLANG_WARN_DEPRECATED_OBJC_IMPLEMENTATIONS = YES;
				CLANG_WARN_DIRECT_OBJC_ISA_USAGE = YES_ERROR;
				CLANG_WARN_DOCUMENTATION_COMMENTS = YES;
				CLANG_WARN_EMPTY_BODY = YES;
				CLANG_WARN_ENUM_CONVERSION = YES;
				CLANG_WARN_INFINITE_RECURSION = YES;
				CLANG_WARN_INT_CONVERSION = YES;
				CLANG_WARN_NON_LITERAL_NULL_CONVERSION = YES;
				CLANG_WARN_OBJC_IMPLICIT_RETAIN_SELF = YES;
				CLANG_WARN_OBJC_LITERAL_CONVERSION = YES;
				CLANG_WARN_OBJC_ROOT_CLASS = YES_ERROR;
				CLANG_WARN_QUOTED_INCLUDE_IN_FRAMEWORK_HEADER = YES;
				CLANG_WARN_RANGE_LOOP_ANALYSIS = YES;
				CLANG_WARN_STRICT_PROTOTYPES = YES;
				CLANG_WARN_SUSPICIOUS_MOVE = YES;
				CLANG_WARN_UNGUARDED_AVAILABILITY = YES_AGGRESSIVE;
				CLANG_WARN_UNREACHABLE_CODE = YES;
				CLANG_WARN__DUPLICATE_METHOD_MATCH = YES;
				COPY_PHASE_STRIP = NO;
				DEBUG_INFORMATION_FORMAT = "dwarf-with-dsym";
				ENABLE_NS_ASSERTIONS = NO;
				ENABLE_STRICT_OBJC_MSGSEND = YES;
				ENABLE_USER_SCRIPT_SANDBOXING = YES;
				GCC_C_LANGUAGE_STANDARD = gnu17;
				GCC_NO_COMMON_BLOCKS = YES;
				GCC_WARN_64_TO_32_BIT_CONVERSION = YES;
				GCC_WARN_ABOUT_RETURN_TYPE = YES_ERROR;
				GCC_WARN_UNDECLARED_SELECTOR = YES;
				GCC_WARN_UNINITIALIZED_AUTOS = YES_AGGRESSIVE;
				GCC_WARN_UNUSED_FUNCTION = YES;
				GCC_WARN_UNUSED_VARIABLE = YES;
				IPHONEOS_DEPLOYMENT_TARGET = 17.5;
				LOCALIZATION_PREFERS_STRING_CATALOGS = YES;
				MTL_ENABLE_DEBUG_INFO = NO;
				MTL_FAST_MATH = YES;
				SDKROOT = iphoneos;
				SWIFT_COMPILATION_MODE = wholemodule;
				VALIDATE_PRODUCT = YES;
			};
			name = Release;
		};
		BD5686712C4F6C52009E7993 /* Debug */ = {
			isa = XCBuildConfiguration;
			buildSettings = {
				ASSETCATALOG_COMPILER_APPICON_NAME = AppIcon;
				ASSETCATALOG_COMPILER_GLOBAL_ACCENT_COLOR_NAME = AccentColor;
				CODE_SIGN_STYLE = Automatic;
				CURRENT_PROJECT_VERSION = 1;
				GENERATE_INFOPLIST_FILE = YES;
				INFOPLIST_FILE = MusicAPI/Info.plist;
				INFOPLIST_KEY_UIApplicationSupportsIndirectInputEvents = YES;
				INFOPLIST_KEY_UILaunchStoryboardName = LaunchScreen;
				INFOPLIST_KEY_UIMainStoryboardFile = Main;
				INFOPLIST_KEY_UISupportedInterfaceOrientations_iPad = "UIInterfaceOrientationPortrait UIInterfaceOrientationPortraitUpsideDown UIInterfaceOrientationLandscapeLeft UIInterfaceOrientationLandscapeRight";
				INFOPLIST_KEY_UISupportedInterfaceOrientations_iPhone = "UIInterfaceOrientationPortrait UIInterfaceOrientationLandscapeLeft UIInterfaceOrientationLandscapeRight";
				LD_RUNPATH_SEARCH_PATHS = (
					"$(inherited)",
					"@executable_path/Frameworks",
				);
				MARKETING_VERSION = 1.0;
				PRODUCT_BUNDLE_IDENTIFIER = com.musicAPI.app.MusicAPI;
				PRODUCT_NAME = "$(TARGET_NAME)";
				SWIFT_EMIT_LOC_STRINGS = YES;
				SWIFT_VERSION = 5.0;
				TARGETED_DEVICE_FAMILY = "1,2";
			};
			name = Debug;
		};
		BD5686722C4F6C52009E7993 /* Release */ = {
			isa = XCBuildConfiguration;
			buildSettings = {
				ASSETCATALOG_COMPILER_APPICON_NAME = AppIcon;
				ASSETCATALOG_COMPILER_GLOBAL_ACCENT_COLOR_NAME = AccentColor;
				CODE_SIGN_STYLE = Automatic;
				CURRENT_PROJECT_VERSION = 1;
				GENERATE_INFOPLIST_FILE = YES;
				INFOPLIST_FILE = MusicAPI/Info.plist;
				INFOPLIST_KEY_UIApplicationSupportsIndirectInputEvents = YES;
				INFOPLIST_KEY_UILaunchStoryboardName = LaunchScreen;
				INFOPLIST_KEY_UIMainStoryboardFile = Main;
				INFOPLIST_KEY_UISupportedInterfaceOrientations_iPad = "UIInterfaceOrientationPortrait UIInterfaceOrientationPortraitUpsideDown UIInterfaceOrientationLandscapeLeft UIInterfaceOrientationLandscapeRight";
				INFOPLIST_KEY_UISupportedInterfaceOrientations_iPhone = "UIInterfaceOrientationPortrait UIInterfaceOrientationLandscapeLeft UIInterfaceOrientationLandscapeRight";
				LD_RUNPATH_SEARCH_PATHS = (
					"$(inherited)",
					"@executable_path/Frameworks",
				);
				MARKETING_VERSION = 1.0;
				PRODUCT_BUNDLE_IDENTIFIER = com.musicAPI.app.MusicAPI;
				PRODUCT_NAME = "$(TARGET_NAME)";
				SWIFT_EMIT_LOC_STRINGS = YES;
				SWIFT_VERSION = 5.0;
				TARGETED_DEVICE_FAMILY = "1,2";
			};
			name = Release;
		};
		BD5686742C4F6C52009E7993 /* Debug */ = {
			isa = XCBuildConfiguration;
			buildSettings = {
				ALWAYS_EMBED_SWIFT_STANDARD_LIBRARIES = YES;
				BUNDLE_LOADER = "$(TEST_HOST)";
				CODE_SIGN_STYLE = Automatic;
				CURRENT_PROJECT_VERSION = 1;
				GENERATE_INFOPLIST_FILE = YES;
				IPHONEOS_DEPLOYMENT_TARGET = 17.5;
				MARKETING_VERSION = 1.0;
				PRODUCT_BUNDLE_IDENTIFIER = com.musicAPI.app.MusicAPITests;
				PRODUCT_NAME = "$(TARGET_NAME)";
				SWIFT_EMIT_LOC_STRINGS = NO;
				SWIFT_VERSION = 5.0;
				TARGETED_DEVICE_FAMILY = "1,2";
				TEST_HOST = "$(BUILT_PRODUCTS_DIR)/MusicAPI.app/$(BUNDLE_EXECUTABLE_FOLDER_PATH)/MusicAPI";
			};
			name = Debug;
		};
		BD5686752C4F6C52009E7993 /* Release */ = {
			isa = XCBuildConfiguration;
			buildSettings = {
				ALWAYS_EMBED_SWIFT_STANDARD_LIBRARIES = YES;
				BUNDLE_LOADER = "$(TEST_HOST)";
				CODE_SIGN_STYLE = Automatic;
				CURRENT_PROJECT_VERSION = 1;
				GENERATE_INFOPLIST_FILE = YES;
				IPHONEOS_DEPLOYMENT_TARGET = 17.5;
				MARKETING_VERSION = 1.0;
				PRODUCT_BUNDLE_IDENTIFIER = com.musicAPI.app.MusicAPITests;
				PRODUCT_NAME = "$(TARGET_NAME)";
				SWIFT_EMIT_LOC_STRINGS = NO;
				SWIFT_VERSION = 5.0;
				TARGETED_DEVICE_FAMILY = "1,2";
				TEST_HOST = "$(BUILT_PRODUCTS_DIR)/MusicAPI.app/$(BUNDLE_EXECUTABLE_FOLDER_PATH)/MusicAPI";
			};
			name = Release;
		};
		BD5686772C4F6C52009E7993 /* Debug */ = {
			isa = XCBuildConfiguration;
			buildSettings = {
				ALWAYS_EMBED_SWIFT_STANDARD_LIBRARIES = YES;
				CODE_SIGN_STYLE = Automatic;
				CURRENT_PROJECT_VERSION = 1;
				GENERATE_INFOPLIST_FILE = YES;
				MARKETING_VERSION = 1.0;
				PRODUCT_BUNDLE_IDENTIFIER = com.musicAPI.app.MusicAPIUITests;
				PRODUCT_NAME = "$(TARGET_NAME)";
				SWIFT_EMIT_LOC_STRINGS = NO;
				SWIFT_VERSION = 5.0;
				TARGETED_DEVICE_FAMILY = "1,2";
				TEST_TARGET_NAME = MusicAPI;
			};
			name = Debug;
		};
		BD5686782C4F6C52009E7993 /* Release */ = {
			isa = XCBuildConfiguration;
			buildSettings = {
				ALWAYS_EMBED_SWIFT_STANDARD_LIBRARIES = YES;
				CODE_SIGN_STYLE = Automatic;
				CURRENT_PROJECT_VERSION = 1;
				GENERATE_INFOPLIST_FILE = YES;
				MARKETING_VERSION = 1.0;
				PRODUCT_BUNDLE_IDENTIFIER = com.musicAPI.app.MusicAPIUITests;
				PRODUCT_NAME = "$(TARGET_NAME)";
				SWIFT_EMIT_LOC_STRINGS = NO;
				SWIFT_VERSION = 5.0;
				TARGETED_DEVICE_FAMILY = "1,2";
				TEST_TARGET_NAME = MusicAPI;
			};
			name = Release;
		};
/* End XCBuildConfiguration section */

/* Begin XCConfigurationList section */
		BD5686412C4F6C4F009E7993 /* Build configuration list for PBXProject "MusicAPI" */ = {
			isa = XCConfigurationList;
			buildConfigurations = (
				BD56866E2C4F6C52009E7993 /* Debug */,
				BD56866F2C4F6C52009E7993 /* Release */,
			);
			defaultConfigurationIsVisible = 0;
			defaultConfigurationName = Release;
		};
		BD5686702C4F6C52009E7993 /* Build configuration list for PBXNativeTarget "MusicAPI" */ = {
			isa = XCConfigurationList;
			buildConfigurations = (
				BD5686712C4F6C52009E7993 /* Debug */,
				BD5686722C4F6C52009E7993 /* Release */,
			);
			defaultConfigurationIsVisible = 0;
			defaultConfigurationName = Release;
		};
		BD5686732C4F6C52009E7993 /* Build configuration list for PBXNativeTarget "MusicAPITests" */ = {
			isa = XCConfigurationList;
			buildConfigurations = (
				BD5686742C4F6C52009E7993 /* Debug */,
				BD5686752C4F6C52009E7993 /* Release */,
			);
			defaultConfigurationIsVisible = 0;
			defaultConfigurationName = Release;
		};
		BD5686762C4F6C52009E7993 /* Build configuration list for PBXNativeTarget "MusicAPIUITests" */ = {
			isa = XCConfigurationList;
			buildConfigurations = (
				BD5686772C4F6C52009E7993 /* Debug */,
				BD5686782C4F6C52009E7993 /* Release */,
			);
			defaultConfigurationIsVisible = 0;
			defaultConfigurationName = Release;
		};
/* End XCConfigurationList section */
	};
	rootObject = BD56863E2C4F6C4F009E7993 /* Project object */;
}
